PODS:
  - DJI-SDK-iOS (4.9.1)
  - DJIWidget (1.2)

DEPENDENCIES:
  - DJI-SDK-iOS (~> 4.9)
  - DJIWidget (~> 1.2)

SPEC REPOS:
  https://github.com/cocoapods/specs.git:
    - DJI-SDK-iOS
    - DJIWidget

SPEC CHECKSUMS:
  DJI-SDK-iOS: 2c7f4cc888909dd0996c4ae38bb25b979d76ce19
  DJIWidget: 4559d2f4ccaa499a7bd2cdc98658f35d78d20357

PODFILE CHECKSUM: d22062e6fdf1d8448a25697daff030f832d07b53

COCOAPODS: 1.5.3
